
Microsoft Visual Studio Solution File, Format Version 12.00
Project("{FAE04EC0-301F-11D3-BF4B-00C04F79EFBC}") = "FluentApiTests", "FluentApiTests\FluentApiTests.csproj", "{9F6556DE-65B9-4044-8EA7-3583118CA869}"
EndProject
Project("{FAE04EC0-301F-11D3-BF4B-00C04F79EFBC}") = "FluentApiTests.Tests", "FluentApiTests.Tests\FluentApiTests.Tests.csproj", "{F301333A-DE5F-4D8F-96A3-DEE1A026087D}"
EndProject
Global
	GlobalSection(SolutionConfigurationPlatforms) = preSolution
		Debug|Any CPU = Debug|Any CPU
		Release|Any CPU = Release|Any CPU
	EndGlobalSection
	GlobalSection(ProjectConfigurationPlatforms) = postSolution
		{9F6556DE-65B9-4044-8EA7-3583118CA869}.Debug|Any CPU.ActiveCfg = Debug|Any CPU
		{9F6556DE-65B9-4044-8EA7-3583118CA869}.Debug|Any CPU.Build.0 = Debug|Any CPU
		{9F6556DE-65B9-4044-8EA7-3583118CA869}.Release|Any CPU.ActiveCfg = Release|Any CPU
		{9F6556DE-65B9-4044-8EA7-3583118CA869}.Release|Any CPU.Build.0 = Release|Any CPU
		{F301333A-DE5F-4D8F-96A3-DEE1A026087D}.Debug|Any CPU.ActiveCfg = Debug|Any CPU
		{F301333A-DE5F-4D8F-96A3-DEE1A026087D}.Debug|Any CPU.Build.0 = Debug|Any CPU
		{F301333A-DE5F-4D8F-96A3-DEE1A026087D}.Release|Any CPU.ActiveCfg = Release|Any CPU
		{F301333A-DE5F-4D8F-96A3-DEE1A026087D}.Release|Any CPU.Build.0 = Release|Any CPU
	EndGlobalSection
EndGlobal
